
Microsoft Visual Studio Solution File, Format Version 12.00
# Visual Studio Version 16
VisualStudioVersion = 16.0.32407.337
MinimumVisualStudioVersion = 10.0.40219.1
Project("{9A19103F-16F7-4668-BE54-9A1E7A4F7556}") = "CenterInfor.Domain", "CenterInfor.Domain\CenterInfor.Domain.csproj", "{6EC4D52A-C4C2-4EDC-8D35-F95CA79509B3}"
EndProject
Project("{9A19103F-16F7-4668-BE54-9A1E7A4F7556}") = "CenterInform.Application", "CenterInform.Application\CenterInform.Application.csproj", "{2ECB606B-B498-4AA5-AC9A-C473FD205418}"
EndProject
Project("{9A19103F-16F7-4668-BE54-9A1E7A4F7556}") = "CenterInform.Infrastructure", "CenterInform.Infrastructure\CenterInform.Infrastructure.csproj", "{F4F6279C-DDD4-48FB-9277-71404CAF1253}"
EndProject
Project("{9A19103F-16F7-4668-BE54-9A1E7A4F7556}") = "CenterInform.Presentation", "CenterInform.Presentation\CenterInform.Presentation.csproj", "{0AA48100-172C-4A1C-84F5-FA1ED059D919}"
EndProject
Project("{FAE04EC0-301F-11D3-BF4B-00C04F79EFBC}") = "CenterInform.Serializator", "CenterInform.Serializator\CenterInform.Serializator.csproj", "{ED9A8A28-8FE0-4CAB-B763-330BA3109D4C}"
EndProject
Global
	GlobalSection(SolutionConfigurationPlatforms) = preSolution
		Debug|Any CPU = Debug|Any CPU
		Release|Any CPU = Release|Any CPU
	EndGlobalSection
	GlobalSection(ProjectConfigurationPlatforms) = postSolution
		{6EC4D52A-C4C2-4EDC-8D35-F95CA79509B3}.Debug|Any CPU.ActiveCfg = Debug|Any CPU
		{6EC4D52A-C4C2-4EDC-8D35-F95CA79509B3}.Debug|Any CPU.Build.0 = Debug|Any CPU
		{6EC4D52A-C4C2-4EDC-8D35-F95CA79509B3}.Release|Any CPU.ActiveCfg = Release|Any CPU
		{6EC4D52A-C4C2-4EDC-8D35-F95CA79509B3}.Release|Any CPU.Build.0 = Release|Any CPU
		{2ECB606B-B498-4AA5-AC9A-C473FD205418}.Debug|Any CPU.ActiveCfg = Debug|Any CPU
		{2ECB606B-B498-4AA5-AC9A-C473FD205418}.Debug|Any CPU.Build.0 = Debug|Any CPU
		{2ECB606B-B498-4AA5-AC9A-C473FD205418}.Release|Any CPU.ActiveCfg = Release|Any CPU
		{2ECB606B-B498-4AA5-AC9A-C473FD205418}.Release|Any CPU.Build.0 = Release|Any CPU
		{F4F6279C-DDD4-48FB-9277-71404CAF1253}.Debug|Any CPU.ActiveCfg = Debug|Any CPU
		{F4F6279C-DDD4-48FB-9277-71404CAF1253}.Debug|Any CPU.Build.0 = Debug|Any CPU
		{F4F6279C-DDD4-48FB-9277-71404CAF1253}.Release|Any CPU.ActiveCfg = Release|Any CPU
		{F4F6279C-DDD4-48FB-9277-71404CAF1253}.Release|Any CPU.Build.0 = Release|Any CPU
		{0AA48100-172C-4A1C-84F5-FA1ED059D919}.Debug|Any CPU.ActiveCfg = Debug|Any CPU
		{0AA48100-172C-4A1C-84F5-FA1ED059D919}.Debug|Any CPU.Build.0 = Debug|Any CPU
		{0AA48100-172C-4A1C-84F5-FA1ED059D919}.Release|Any CPU.ActiveCfg = Release|Any CPU
		{0AA48100-172C-4A1C-84F5-FA1ED059D919}.Release|Any CPU.Build.0 = Release|Any CPU
		{ED9A8A28-8FE0-4CAB-B763-330BA3109D4C}.Debug|Any CPU.ActiveCfg = Debug|Any CPU
		{ED9A8A28-8FE0-4CAB-B763-330BA3109D4C}.Debug|Any CPU.Build.0 = Debug|Any CPU
		{ED9A8A28-8FE0-4CAB-B763-330BA3109D4C}.Release|Any CPU.ActiveCfg = Release|Any CPU
		{ED9A8A28-8FE0-4CAB-B763-330BA3109D4C}.Release|Any CPU.Build.0 = Release|Any CPU
	EndGlobalSection
	GlobalSection(SolutionProperties) = preSolution
		HideSolutionNode = FALSE
	EndGlobalSection
	GlobalSection(ExtensibilityGlobals) = postSolution
		SolutionGuid = {44929F08-2A2B-47EE-A27A-CC58E03E5153}
	EndGlobalSection
EndGlobal
